
Microsoft Visual Studio Solution File, Format Version 12.00
# Visual Studio Version 16
VisualStudioVersion = 16.0.30907.101
MinimumVisualStudioVersion = 10.0.40219.1
Project("{9A19103F-16F7-4668-BE54-9A1E7A4F7556}") = "CShapeInDepath", "CShapeInDepath\CShapeInDepath.csproj", "{022564DB-7652-425A-B43F-6EB72AEC6D8B}"
EndProject
Project("{9A19103F-16F7-4668-BE54-9A1E7A4F7556}") = "Chapter2", "Chapter2\Chapter2.csproj", "{0AA89DEF-D9FF-41ED-8FB2-99DAB917490A}"
EndProject
Project("{FAE04EC0-301F-11D3-BF4B-00C04F79EFBC}") = "Chapter3", "Chapter3\Chapter3.csproj", "{D26DF681-EFB0-4F2B-9080-C5E41510A33C}"
EndProject
Global
	GlobalSection(SolutionConfigurationPlatforms) = preSolution
		Debug|Any CPU = Debug|Any CPU
		Release|Any CPU = Release|Any CPU
	EndGlobalSection
	GlobalSection(ProjectConfigurationPlatforms) = postSolution
		{022564DB-7652-425A-B43F-6EB72AEC6D8B}.Debug|Any CPU.ActiveCfg = Debug|Any CPU
		{022564DB-7652-425A-B43F-6EB72AEC6D8B}.Debug|Any CPU.Build.0 = Debug|Any CPU
		{022564DB-7652-425A-B43F-6EB72AEC6D8B}.Release|Any CPU.ActiveCfg = Release|Any CPU
		{022564DB-7652-425A-B43F-6EB72AEC6D8B}.Release|Any CPU.Build.0 = Release|Any CPU
		{0AA89DEF-D9FF-41ED-8FB2-99DAB917490A}.Debug|Any CPU.ActiveCfg = Debug|Any CPU
		{0AA89DEF-D9FF-41ED-8FB2-99DAB917490A}.Debug|Any CPU.Build.0 = Debug|Any CPU
		{0AA89DEF-D9FF-41ED-8FB2-99DAB917490A}.Release|Any CPU.ActiveCfg = Release|Any CPU
		{0AA89DEF-D9FF-41ED-8FB2-99DAB917490A}.Release|Any CPU.Build.0 = Release|Any CPU
		{D26DF681-EFB0-4F2B-9080-C5E41510A33C}.Debug|Any CPU.ActiveCfg = Debug|Any CPU
		{D26DF681-EFB0-4F2B-9080-C5E41510A33C}.Debug|Any CPU.Build.0 = Debug|Any CPU
		{D26DF681-EFB0-4F2B-9080-C5E41510A33C}.Release|Any CPU.ActiveCfg = Release|Any CPU
		{D26DF681-EFB0-4F2B-9080-C5E41510A33C}.Release|Any CPU.Build.0 = Release|Any CPU
	EndGlobalSection
	GlobalSection(SolutionProperties) = preSolution
		HideSolutionNode = FALSE
	EndGlobalSection
	GlobalSection(ExtensibilityGlobals) = postSolution
		SolutionGuid = {7D00D3C5-0360-441F-A9EE-6F8FCFFEF499}
		VisualSVNWorkingCopyRoot = .
	EndGlobalSection
EndGlobal
